// !$*UTF8*$!
{
	archiveVersion = 1;
	classes = {
	};
	objectVersion = 56;
	objects = {

/* Begin PBXBuildFile section */
		42AE77442AE0EA6E00704162 /* CircularProgressView.swift in Sources */ = {isa = PBXBuildFile; fileRef = 42AE77432AE0EA6E00704162 /* CircularProgressView.swift */; };
		42AE77472AE0ED3900704162 /* CapturePrimaryView.swift in Sources */ = {isa = PBXBuildFile; fileRef = 42AE77462AE0ED3900704162 /* CapturePrimaryView.swift */; };
		42AE77492AE0F35200704162 /* TimedMessageList.swift in Sources */ = {isa = PBXBuildFile; fileRef = 42AE77482AE0F35200704162 /* TimedMessageList.swift */; };
		42AE774B2AE0F92600704162 /* FeedbackMessages.swift in Sources */ = {isa = PBXBuildFile; fileRef = 42AE774A2AE0F92600704162 /* FeedbackMessages.swift */; };
		42AE774D2AE0FD7C00704162 /* OnboardingState.swift in Sources */ = {isa = PBXBuildFile; fileRef = 42AE774C2AE0FD7C00704162 /* OnboardingState.swift */; };
		42AE774F2AE1162A00704162 /* CaptureOverlayView.swift in Sources */ = {isa = PBXBuildFile; fileRef = 42AE774E2AE1162A00704162 /* CaptureOverlayView.swift */; };
		42AE77512AE118B500704162 /* CaptureOverlayView_Buttons.swift in Sources */ = {isa = PBXBuildFile; fileRef = 42AE77502AE118B500704162 /* CaptureOverlayView_Buttons.swift */; };
		42AE77542AE1193700704162 /* CaptureOverlay+LocalizedString.swift in Sources */ = {isa = PBXBuildFile; fileRef = 42AE77532AE1193700704162 /* CaptureOverlay+LocalizedString.swift */; };
		42AE77572AE12B1600704162 /* OnboardingView.swift in Sources */ = {isa = PBXBuildFile; fileRef = 42AE77562AE12B1600704162 /* OnboardingView.swift */; };
		42AE77592AE12EDA00704162 /* OnboardingStateMachine.swift in Sources */ = {isa = PBXBuildFile; fileRef = 42AE77582AE12EDA00704162 /* OnboardingStateMachine.swift */; };
		42CAEB4D2AE21DEC00F23561 /* OnboardingTutorialView.swift in Sources */ = {isa = PBXBuildFile; fileRef = 42CAEB4C2AE21DEC00F23561 /* OnboardingTutorialView.swift */; };
		42CAEB4F2AE21F8700F23561 /* OnboardingTutorialView+LocalizedString.swift in Sources */ = {isa = PBXBuildFile; fileRef = 42CAEB4E2AE21F8700F23561 /* OnboardingTutorialView+LocalizedString.swift */; };
		42CAEB512AE23A1400F23561 /* OnboardingButtonView.swift in Sources */ = {isa = PBXBuildFile; fileRef = 42CAEB502AE23A1400F23561 /* OnboardingButtonView.swift */; };
		42CAEB532AE23C6200F23561 /* OnboardingView+LocalizedString.swift in Sources */ = {isa = PBXBuildFile; fileRef = 42CAEB522AE23C6200F23561 /* OnboardingView+LocalizedString.swift */; };
		42D042F02ADE944400A5C28E /* ObjectCaptureProjectApp.swift in Sources */ = {isa = PBXBuildFile; fileRef = 42D042EF2ADE944400A5C28E /* ObjectCaptureProjectApp.swift */; };
		42D042F22ADE944400A5C28E /* ContentView.swift in Sources */ = {isa = PBXBuildFile; fileRef = 42D042F12ADE944400A5C28E /* ContentView.swift */; };
		42D042F42ADE944500A5C28E /* Assets.xcassets in Resources */ = {isa = PBXBuildFile; fileRef = 42D042F32ADE944500A5C28E /* Assets.xcassets */; };
		42D042F72ADE944500A5C28E /* Preview Assets.xcassets in Resources */ = {isa = PBXBuildFile; fileRef = 42D042F62ADE944500A5C28E /* Preview Assets.xcassets */; };
		42D042FE2ADE94B100A5C28E /* AppDataModel.swift in Sources */ = {isa = PBXBuildFile; fileRef = 42D042FD2ADE94B100A5C28E /* AppDataModel.swift */; };
		42D043012ADE971800A5C28E /* ShotFileInfo.swift in Sources */ = {isa = PBXBuildFile; fileRef = 42D043002ADE971800A5C28E /* ShotFileInfo.swift */; };
		42D043042ADE980700A5C28E /* CaptureFolderManager.swift in Sources */ = {isa = PBXBuildFile; fileRef = 42D043032ADE980700A5C28E /* CaptureFolderManager.swift */; };
/* End PBXBuildFile section */

/* Begin PBXFileReference section */
		42AE77432AE0EA6E00704162 /* CircularProgressView.swift */ = {isa = PBXFileReference; lastKnownFileType = sourcecode.swift; path = CircularProgressView.swift; sourceTree = "<group>"; };
		42AE77462AE0ED3900704162 /* CapturePrimaryView.swift */ = {isa = PBXFileReference; lastKnownFileType = sourcecode.swift; path = CapturePrimaryView.swift; sourceTree = "<group>"; };
		42AE77482AE0F35200704162 /* TimedMessageList.swift */ = {isa = PBXFileReference; lastKnownFileType = sourcecode.swift; path = TimedMessageList.swift; sourceTree = "<group>"; };
		42AE774A2AE0F92600704162 /* FeedbackMessages.swift */ = {isa = PBXFileReference; lastKnownFileType = sourcecode.swift; path = FeedbackMessages.swift; sourceTree = "<group>"; };
		42AE774C2AE0FD7C00704162 /* OnboardingState.swift */ = {isa = PBXFileReference; lastKnownFileType = sourcecode.swift; path = OnboardingState.swift; sourceTree = "<group>"; };
		42AE774E2AE1162A00704162 /* CaptureOverlayView.swift */ = {isa = PBXFileReference; lastKnownFileType = sourcecode.swift; path = CaptureOverlayView.swift; sourceTree = "<group>"; };
		42AE77502AE118B500704162 /* CaptureOverlayView_Buttons.swift */ = {isa = PBXFileReference; lastKnownFileType = sourcecode.swift; path = CaptureOverlayView_Buttons.swift; sourceTree = "<group>"; };
		42AE77532AE1193700704162 /* CaptureOverlay+LocalizedString.swift */ = {isa = PBXFileReference; lastKnownFileType = sourcecode.swift; path = "CaptureOverlay+LocalizedString.swift"; sourceTree = "<group>"; };
		42AE77562AE12B1600704162 /* OnboardingView.swift */ = {isa = PBXFileReference; lastKnownFileType = sourcecode.swift; path = OnboardingView.swift; sourceTree = "<group>"; };
		42AE77582AE12EDA00704162 /* OnboardingStateMachine.swift */ = {isa = PBXFileReference; lastKnownFileType = sourcecode.swift; path = OnboardingStateMachine.swift; sourceTree = "<group>"; };
		42CAEB4C2AE21DEC00F23561 /* OnboardingTutorialView.swift */ = {isa = PBXFileReference; lastKnownFileType = sourcecode.swift; path = OnboardingTutorialView.swift; sourceTree = "<group>"; };
		42CAEB4E2AE21F8700F23561 /* OnboardingTutorialView+LocalizedString.swift */ = {isa = PBXFileReference; lastKnownFileType = sourcecode.swift; path = "OnboardingTutorialView+LocalizedString.swift"; sourceTree = "<group>"; };
		42CAEB502AE23A1400F23561 /* OnboardingButtonView.swift */ = {isa = PBXFileReference; lastKnownFileType = sourcecode.swift; path = OnboardingButtonView.swift; sourceTree = "<group>"; };
		42CAEB522AE23C6200F23561 /* OnboardingView+LocalizedString.swift */ = {isa = PBXFileReference; lastKnownFileType = sourcecode.swift; path = "OnboardingView+LocalizedString.swift"; sourceTree = "<group>"; };
		42D042EC2ADE944400A5C28E /* ObjectCaptureProject.app */ = {isa = PBXFileReference; explicitFileType = wrapper.application; includeInIndex = 0; path = ObjectCaptureProject.app; sourceTree = BUILT_PRODUCTS_DIR; };
		42D042EF2ADE944400A5C28E /* ObjectCaptureProjectApp.swift */ = {isa = PBXFileReference; lastKnownFileType = sourcecode.swift; path = ObjectCaptureProjectApp.swift; sourceTree = "<group>"; };
		42D042F12ADE944400A5C28E /* ContentView.swift */ = {isa = PBXFileReference; lastKnownFileType = sourcecode.swift; path = ContentView.swift; sourceTree = "<group>"; };
		42D042F32ADE944500A5C28E /* Assets.xcassets */ = {isa = PBXFileReference; lastKnownFileType = folder.assetcatalog; path = Assets.xcassets; sourceTree = "<group>"; };
		42D042F62ADE944500A5C28E /* Preview Assets.xcassets */ = {isa = PBXFileReference; lastKnownFileType = folder.assetcatalog; path = "Preview Assets.xcassets"; sourceTree = "<group>"; };
		42D042FD2ADE94B100A5C28E /* AppDataModel.swift */ = {isa = PBXFileReference; lastKnownFileType = sourcecode.swift; path = AppDataModel.swift; sourceTree = "<group>"; };
		42D043002ADE971800A5C28E /* ShotFileInfo.swift */ = {isa = PBXFileReference; lastKnownFileType = sourcecode.swift; path = ShotFileInfo.swift; sourceTree = "<group>"; };
		42D043032ADE980700A5C28E /* CaptureFolderManager.swift */ = {isa = PBXFileReference; lastKnownFileType = sourcecode.swift; path = CaptureFolderManager.swift; sourceTree = "<group>"; };
/* End PBXFileReference section */

/* Begin PBXFrameworksBuildPhase section */
		42D042E92ADE944400A5C28E /* Frameworks */ = {
			isa = PBXFrameworksBuildPhase;
			buildActionMask = 2147483647;
			files = (
			);
			runOnlyForDeploymentPostprocessing = 0;
		};
/* End PBXFrameworksBuildPhase section */

/* Begin PBXGroup section */
		42AE77422AE0EA2800704162 /* Component */ = {
			isa = PBXGroup;
			children = (
				42AE77432AE0EA6E00704162 /* CircularProgressView.swift */,
			);
			path = Component;
			sourceTree = "<group>";
		};
		42AE77452AE0EAC700704162 /* View */ = {
			isa = PBXGroup;
			children = (
				42AE77552AE12AFF00704162 /* OnboardingView */,
				42AE77522AE1190B00704162 /* CaptureOverlay */,
				42D042F12ADE944400A5C28E /* ContentView.swift */,
				42AE77462AE0ED3900704162 /* CapturePrimaryView.swift */,
				42CAEB4E2AE21F8700F23561 /* OnboardingTutorialView+LocalizedString.swift */,
			);
			path = View;
			sourceTree = "<group>";
		};
		42AE77522AE1190B00704162 /* CaptureOverlay */ = {
			isa = PBXGroup;
			children = (
				42AE774E2AE1162A00704162 /* CaptureOverlayView.swift */,
				42AE77502AE118B500704162 /* CaptureOverlayView_Buttons.swift */,
				42AE77532AE1193700704162 /* CaptureOverlay+LocalizedString.swift */,
			);
			path = CaptureOverlay;
			sourceTree = "<group>";
		};
		42AE77552AE12AFF00704162 /* OnboardingView */ = {
			isa = PBXGroup;
			children = (
				42AE77562AE12B1600704162 /* OnboardingView.swift */,
				42CAEB4C2AE21DEC00F23561 /* OnboardingTutorialView.swift */,
				42CAEB502AE23A1400F23561 /* OnboardingButtonView.swift */,
				42CAEB522AE23C6200F23561 /* OnboardingView+LocalizedString.swift */,
			);
			path = OnboardingView;
			sourceTree = "<group>";
		};
		42D042E32ADE944400A5C28E = {
			isa = PBXGroup;
			children = (
				42D042EE2ADE944400A5C28E /* ObjectCaptureProject */,
				42D042ED2ADE944400A5C28E /* Products */,
			);
			sourceTree = "<group>";
		};
		42D042ED2ADE944400A5C28E /* Products */ = {
			isa = PBXGroup;
			children = (
				42D042EC2ADE944400A5C28E /* ObjectCaptureProject.app */,
			);
			name = Products;
			sourceTree = "<group>";
		};
		42D042EE2ADE944400A5C28E /* ObjectCaptureProject */ = {
			isa = PBXGroup;
			children = (
				42AE77452AE0EAC700704162 /* View */,
				42AE77422AE0EA2800704162 /* Component */,
				42D043022ADE97F200A5C28E /* ViewModel */,
				42D042FF2ADE970900A5C28E /* Model */,
				42D042EF2ADE944400A5C28E /* ObjectCaptureProjectApp.swift */,
				42D042F32ADE944500A5C28E /* Assets.xcassets */,
				42D042F52ADE944500A5C28E /* Preview Content */,
			);
			path = ObjectCaptureProject;
			sourceTree = "<group>";
		};
		42D042F52ADE944500A5C28E /* Preview Content */ = {
			isa = PBXGroup;
			children = (
				42D042F62ADE944500A5C28E /* Preview Assets.xcassets */,
			);
			path = "Preview Content";
			sourceTree = "<group>";
		};
		42D042FF2ADE970900A5C28E /* Model */ = {
			isa = PBXGroup;
			children = (
				42D043002ADE971800A5C28E /* ShotFileInfo.swift */,
				42AE774A2AE0F92600704162 /* FeedbackMessages.swift */,
				42AE774C2AE0FD7C00704162 /* OnboardingState.swift */,
			);
			path = Model;
			sourceTree = "<group>";
		};
		42D043022ADE97F200A5C28E /* ViewModel */ = {
			isa = PBXGroup;
			children = (
				42D042FD2ADE94B100A5C28E /* AppDataModel.swift */,
				42D043032ADE980700A5C28E /* CaptureFolderManager.swift */,
				42AE77482AE0F35200704162 /* TimedMessageList.swift */,
				42AE77582AE12EDA00704162 /* OnboardingStateMachine.swift */,
			);
			path = ViewModel;
			sourceTree = "<group>";
		};
/* End PBXGroup section */

/* Begin PBXNativeTarget section */
		42D042EB2ADE944400A5C28E /* ObjectCaptureProject */ = {
			isa = PBXNativeTarget;
			buildConfigurationList = 42D042FA2ADE944500A5C28E /* Build configuration list for PBXNativeTarget "ObjectCaptureProject" */;
			buildPhases = (
				42D042E82ADE944400A5C28E /* Sources */,
				42D042E92ADE944400A5C28E /* Frameworks */,
				42D042EA2ADE944400A5C28E /* Resources */,
			);
			buildRules = (
			);
			dependencies = (
			);
			name = ObjectCaptureProject;
			productName = ObjectCaptureProject;
			productReference = 42D042EC2ADE944400A5C28E /* ObjectCaptureProject.app */;
			productType = "com.apple.product-type.application";
		};
/* End PBXNativeTarget section */

/* Begin PBXProject section */
		42D042E42ADE944400A5C28E /* Project object */ = {
			isa = PBXProject;
			attributes = {
				BuildIndependentTargetsInParallel = 1;
				LastSwiftUpdateCheck = 1500;
				LastUpgradeCheck = 1500;
				TargetAttributes = {
					42D042EB2ADE944400A5C28E = {
						CreatedOnToolsVersion = 15.0;
					};
				};
			};
			buildConfigurationList = 42D042E72ADE944400A5C28E /* Build configuration list for PBXProject "ObjectCaptureProject" */;
			compatibilityVersion = "Xcode 14.0";
			developmentRegion = en;
			hasScannedForEncodings = 0;
			knownRegions = (
				en,
				Base,
			);
			mainGroup = 42D042E32ADE944400A5C28E;
			productRefGroup = 42D042ED2ADE944400A5C28E /* Products */;
			projectDirPath = "";
			projectRoot = "";
			targets = (
				42D042EB2ADE944400A5C28E /* ObjectCaptureProject */,
			);
		};
/* End PBXProject section */

/* Begin PBXResourcesBuildPhase section */
		42D042EA2ADE944400A5C28E /* Resources */ = {
			isa = PBXResourcesBuildPhase;
			buildActionMask = 2147483647;
			files = (
				42D042F72ADE944500A5C28E /* Preview Assets.xcassets in Resources */,
				42D042F42ADE944500A5C28E /* Assets.xcassets in Resources */,
			);
			runOnlyForDeploymentPostprocessing = 0;
		};
/* End PBXResourcesBuildPhase section */

/* Begin PBXSourcesBuildPhase section */
		42D042E82ADE944400A5C28E /* Sources */ = {
			isa = PBXSourcesBuildPhase;
			buildActionMask = 2147483647;
			files = (
				42AE77542AE1193700704162 /* CaptureOverlay+LocalizedString.swift in Sources */,
				42AE77512AE118B500704162 /* CaptureOverlayView_Buttons.swift in Sources */,
				42D042FE2ADE94B100A5C28E /* AppDataModel.swift in Sources */,
				42AE774F2AE1162A00704162 /* CaptureOverlayView.swift in Sources */,
				42AE77592AE12EDA00704162 /* OnboardingStateMachine.swift in Sources */,
				42CAEB512AE23A1400F23561 /* OnboardingButtonView.swift in Sources */,
				42D043042ADE980700A5C28E /* CaptureFolderManager.swift in Sources */,
				42AE774D2AE0FD7C00704162 /* OnboardingState.swift in Sources */,
				42AE77472AE0ED3900704162 /* CapturePrimaryView.swift in Sources */,
				42CAEB532AE23C6200F23561 /* OnboardingView+LocalizedString.swift in Sources */,
				42D042F22ADE944400A5C28E /* ContentView.swift in Sources */,
				42CAEB4D2AE21DEC00F23561 /* OnboardingTutorialView.swift in Sources */,
				42AE774B2AE0F92600704162 /* FeedbackMessages.swift in Sources */,
				42CAEB4F2AE21F8700F23561 /* OnboardingTutorialView+LocalizedString.swift in Sources */,
				42D042F02ADE944400A5C28E /* ObjectCaptureProjectApp.swift in Sources */,
				42AE77492AE0F35200704162 /* TimedMessageList.swift in Sources */,
				42AE77442AE0EA6E00704162 /* CircularProgressView.swift in Sources */,
				42D043012ADE971800A5C28E /* ShotFileInfo.swift in Sources */,
				42AE77572AE12B1600704162 /* OnboardingView.swift in Sources */,
			);
			runOnlyForDeploymentPostprocessing = 0;
		};
/* End PBXSourcesBuildPhase section */

/* Begin XCBuildConfiguration section */
		42D042F82ADE944500A5C28E /* Debug */ = {
			isa = XCBuildConfiguration;
			buildSettings = {
				ALWAYS_SEARCH_USER_PATHS = NO;
				ASSETCATALOG_COMPILER_GENERATE_SWIFT_ASSET_SYMBOL_EXTENSIONS = YES;
				CLANG_ANALYZER_NONNULL = YES;
				CLANG_ANALYZER_NUMBER_OBJECT_CONVERSION = YES_AGGRESSIVE;
				CLANG_CXX_LANGUAGE_STANDARD = "gnu++20";
				CLANG_ENABLE_MODULES = YES;
				CLANG_ENABLE_OBJC_ARC = YES;
				CLANG_ENABLE_OBJC_WEAK = YES;
				CLANG_WARN_BLOCK_CAPTURE_AUTORELEASING = YES;
				CLANG_WARN_BOOL_CONVERSION = YES;
				CLANG_WARN_COMMA = YES;
				CLANG_WARN_CONSTANT_CONVERSION = YES;
				CLANG_WARN_DEPRECATED_OBJC_IMPLEMENTATIONS = YES;
				CLANG_WARN_DIRECT_OBJC_ISA_USAGE = YES_ERROR;
				CLANG_WARN_DOCUMENTATION_COMMENTS = YES;
				CLANG_WARN_EMPTY_BODY = YES;
				CLANG_WARN_ENUM_CONVERSION = YES;
				CLANG_WARN_INFINITE_RECURSION = YES;
				CLANG_WARN_INT_CONVERSION = YES;
				CLANG_WARN_NON_LITERAL_NULL_CONVERSION = YES;
				CLANG_WARN_OBJC_IMPLICIT_RETAIN_SELF = YES;
				CLANG_WARN_OBJC_LITERAL_CONVERSION = YES;
				CLANG_WARN_OBJC_ROOT_CLASS = YES_ERROR;
				CLANG_WARN_QUOTED_INCLUDE_IN_FRAMEWORK_HEADER = YES;
				CLANG_WARN_RANGE_LOOP_ANALYSIS = YES;
				CLANG_WARN_STRICT_PROTOTYPES = YES;
				CLANG_WARN_SUSPICIOUS_MOVE = YES;
				CLANG_WARN_UNGUARDED_AVAILABILITY = YES_AGGRESSIVE;
				CLANG_WARN_UNREACHABLE_CODE = YES;
				CLANG_WARN__DUPLICATE_METHOD_MATCH = YES;
				COPY_PHASE_STRIP = NO;
				DEBUG_INFORMATION_FORMAT = dwarf;
				ENABLE_STRICT_OBJC_MSGSEND = YES;
				ENABLE_TESTABILITY = YES;
				ENABLE_USER_SCRIPT_SANDBOXING = YES;
				GCC_C_LANGUAGE_STANDARD = gnu17;
				GCC_DYNAMIC_NO_PIC = NO;
				GCC_NO_COMMON_BLOCKS = YES;
				GCC_OPTIMIZATION_LEVEL = 0;
				GCC_PREPROCESSOR_DEFINITIONS = (
					"DEBUG=1",
					"$(inherited)",
				);
				GCC_WARN_64_TO_32_BIT_CONVERSION = YES;
				GCC_WARN_ABOUT_RETURN_TYPE = YES_ERROR;
				GCC_WARN_UNDECLARED_SELECTOR = YES;
				GCC_WARN_UNINITIALIZED_AUTOS = YES_AGGRESSIVE;
				GCC_WARN_UNUSED_FUNCTION = YES;
				GCC_WARN_UNUSED_VARIABLE = YES;
				IPHONEOS_DEPLOYMENT_TARGET = 17.0;
				LOCALIZATION_PREFERS_STRING_CATALOGS = YES;
				MTL_ENABLE_DEBUG_INFO = INCLUDE_SOURCE;
				MTL_FAST_MATH = YES;
				ONLY_ACTIVE_ARCH = YES;
				SDKROOT = iphoneos;
				SWIFT_ACTIVE_COMPILATION_CONDITIONS = "DEBUG $(inherited)";
				SWIFT_OPTIMIZATION_LEVEL = "-Onone";
			};
			name = Debug;
		};
		42D042F92ADE944500A5C28E /* Release */ = {
			isa = XCBuildConfiguration;
			buildSettings = {
				ALWAYS_SEARCH_USER_PATHS = NO;
				ASSETCATALOG_COMPILER_GENERATE_SWIFT_ASSET_SYMBOL_EXTENSIONS = YES;
				CLANG_ANALYZER_NONNULL = YES;
				CLANG_ANALYZER_NUMBER_OBJECT_CONVERSION = YES_AGGRESSIVE;
				CLANG_CXX_LANGUAGE_STANDARD = "gnu++20";
				CLANG_ENABLE_MODULES = YES;
				CLANG_ENABLE_OBJC_ARC = YES;
				CLANG_ENABLE_OBJC_WEAK = YES;
				CLANG_WARN_BLOCK_CAPTURE_AUTORELEASING = YES;
				CLANG_WARN_BOOL_CONVERSION = YES;
				CLANG_WARN_COMMA = YES;
				CLANG_WARN_CONSTANT_CONVERSION = YES;
				CLANG_WARN_DEPRECATED_OBJC_IMPLEMENTATIONS = YES;
				CLANG_WARN_DIRECT_OBJC_ISA_USAGE = YES_ERROR;
				CLANG_WARN_DOCUMENTATION_COMMENTS = YES;
				CLANG_WARN_EMPTY_BODY = YES;
				CLANG_WARN_ENUM_CONVERSION = YES;
				CLANG_WARN_INFINITE_RECURSION = YES;
				CLANG_WARN_INT_CONVERSION = YES;
				CLANG_WARN_NON_LITERAL_NULL_CONVERSION = YES;
				CLANG_WARN_OBJC_IMPLICIT_RETAIN_SELF = YES;
				CLANG_WARN_OBJC_LITERAL_CONVERSION = YES;
				CLANG_WARN_OBJC_ROOT_CLASS = YES_ERROR;
				CLANG_WARN_QUOTED_INCLUDE_IN_FRAMEWORK_HEADER = YES;
				CLANG_WARN_RANGE_LOOP_ANALYSIS = YES;
				CLANG_WARN_STRICT_PROTOTYPES = YES;
				CLANG_WARN_SUSPICIOUS_MOVE = YES;
				CLANG_WARN_UNGUARDED_AVAILABILITY = YES_AGGRESSIVE;
				CLANG_WARN_UNREACHABLE_CODE = YES;
				CLANG_WARN__DUPLICATE_METHOD_MATCH = YES;
				COPY_PHASE_STRIP = NO;
				DEBUG_INFORMATION_FORMAT = "dwarf-with-dsym";
				ENABLE_NS_ASSERTIONS = NO;
				ENABLE_STRICT_OBJC_MSGSEND = YES;
				ENABLE_USER_SCRIPT_SANDBOXING = YES;
				GCC_C_LANGUAGE_STANDARD = gnu17;
				GCC_NO_COMMON_BLOCKS = YES;
				GCC_WARN_64_TO_32_BIT_CONVERSION = YES;
				GCC_WARN_ABOUT_RETURN_TYPE = YES_ERROR;
				GCC_WARN_UNDECLARED_SELECTOR = YES;
				GCC_WARN_UNINITIALIZED_AUTOS = YES_AGGRESSIVE;
				GCC_WARN_UNUSED_FUNCTION = YES;
				GCC_WARN_UNUSED_VARIABLE = YES;
				IPHONEOS_DEPLOYMENT_TARGET = 17.0;
				LOCALIZATION_PREFERS_STRING_CATALOGS = YES;
				MTL_ENABLE_DEBUG_INFO = NO;
				MTL_FAST_MATH = YES;
				SDKROOT = iphoneos;
				SWIFT_COMPILATION_MODE = wholemodule;
				VALIDATE_PRODUCT = YES;
			};
			name = Release;
		};
		42D042FB2ADE944500A5C28E /* Debug */ = {
			isa = XCBuildConfiguration;
			buildSettings = {
				ASSETCATALOG_COMPILER_APPICON_NAME = AppIcon;
				ASSETCATALOG_COMPILER_GLOBAL_ACCENT_COLOR_NAME = AccentColor;
				CODE_SIGN_STYLE = Automatic;
				CURRENT_PROJECT_VERSION = 1;
				DEVELOPMENT_ASSET_PATHS = "\"ObjectCaptureProject/Preview Content\"";
				DEVELOPMENT_TEAM = A8P4H2AS9H;
				ENABLE_PREVIEWS = YES;
				GENERATE_INFOPLIST_FILE = YES;
				INFOPLIST_KEY_NSCameraUsageDescription = "";
				INFOPLIST_KEY_UIApplicationSupportsIndirectInputEvents = YES;
				INFOPLIST_KEY_UILaunchScreen_Generation = YES;
				INFOPLIST_KEY_UIRequiredDeviceCapabilities = arkit;
				INFOPLIST_KEY_UIStatusBarHidden = YES;
				INFOPLIST_KEY_UISupportedInterfaceOrientations = UIInterfaceOrientationPortrait;
				LD_RUNPATH_SEARCH_PATHS = (
					"$(inherited)",
					"@executable_path/Frameworks",
				);
				MARKETING_VERSION = 1.0;
				PRODUCT_BUNDLE_IDENTIFIER = deasiker.ObjectCaptureProject;
				PRODUCT_NAME = "$(TARGET_NAME)";
				SUPPORTED_PLATFORMS = "iphoneos iphonesimulator";
				SUPPORTS_MACCATALYST = NO;
				SUPPORTS_MAC_DESIGNED_FOR_IPHONE_IPAD = NO;
				SWIFT_EMIT_LOC_STRINGS = YES;
				SWIFT_VERSION = 5.0;
				TARGETED_DEVICE_FAMILY = "1,2";
			};
			name = Debug;
		};
		42D042FC2ADE944500A5C28E /* Release */ = {
			isa = XCBuildConfiguration;
			buildSettings = {
				ASSETCATALOG_COMPILER_APPICON_NAME = AppIcon;
				ASSETCATALOG_COMPILER_GLOBAL_ACCENT_COLOR_NAME = AccentColor;
				CODE_SIGN_STYLE = Automatic;
				CURRENT_PROJECT_VERSION = 1;
				DEVELOPMENT_ASSET_PATHS = "\"ObjectCaptureProject/Preview Content\"";
				DEVELOPMENT_TEAM = A8P4H2AS9H;
				ENABLE_PREVIEWS = YES;
				GENERATE_INFOPLIST_FILE = YES;
				INFOPLIST_KEY_NSCameraUsageDescription = "";
				INFOPLIST_KEY_UIApplicationSupportsIndirectInputEvents = YES;
				INFOPLIST_KEY_UILaunchScreen_Generation = YES;
				INFOPLIST_KEY_UIRequiredDeviceCapabilities = arkit;
				INFOPLIST_KEY_UIStatusBarHidden = YES;
				INFOPLIST_KEY_UISupportedInterfaceOrientations = UIInterfaceOrientationPortrait;
				LD_RUNPATH_SEARCH_PATHS = (
					"$(inherited)",
					"@executable_path/Frameworks",
				);
				MARKETING_VERSION = 1.0;
				PRODUCT_BUNDLE_IDENTIFIER = deasiker.ObjectCaptureProject;
				PRODUCT_NAME = "$(TARGET_NAME)";
				SUPPORTED_PLATFORMS = "iphoneos iphonesimulator";
				SUPPORTS_MACCATALYST = NO;
				SUPPORTS_MAC_DESIGNED_FOR_IPHONE_IPAD = NO;
				SWIFT_EMIT_LOC_STRINGS = YES;
				SWIFT_VERSION = 5.0;
				TARGETED_DEVICE_FAMILY = "1,2";
			};
			name = Release;
		};
/* End XCBuildConfiguration section */

/* Begin XCConfigurationList section */
		42D042E72ADE944400A5C28E /* Build configuration list for PBXProject "ObjectCaptureProject" */ = {
			isa = XCConfigurationList;
			buildConfigurations = (
				42D042F82ADE944500A5C28E /* Debug */,
				42D042F92ADE944500A5C28E /* Release */,
			);
			defaultConfigurationIsVisible = 0;
			defaultConfigurationName = Release;
		};
		42D042FA2ADE944500A5C28E /* Build configuration list for PBXNativeTarget "ObjectCaptureProject" */ = {
			isa = XCConfigurationList;
			buildConfigurations = (
				42D042FB2ADE944500A5C28E /* Debug */,
				42D042FC2ADE944500A5C28E /* Release */,
			);
			defaultConfigurationIsVisible = 0;
			defaultConfigurationName = Release;
		};
/* End XCConfigurationList section */
	};
	rootObject = 42D042E42ADE944400A5C28E /* Project object */;
}
